// !$*UTF8*$!
{
	archiveVersion = 1;
	classes = {
	};
	objectVersion = 48;
	objects = {

/* Begin PBXBuildFile section */
		142001B11FB818ED00E35857 /* AppDelegate.swift in Sources */ = {isa = PBXBuildFile; fileRef = 142001B01FB818ED00E35857 /* AppDelegate.swift */; };
		142001B31FB818ED00E35857 /* ViewController.swift in Sources */ = {isa = PBXBuildFile; fileRef = 142001B21FB818ED00E35857 /* ViewController.swift */; };
		142001B61FB818ED00E35857 /* Main.storyboard in Resources */ = {isa = PBXBuildFile; fileRef = 142001B41FB818ED00E35857 /* Main.storyboard */; };
		142001B81FB818ED00E35857 /* Assets.xcassets in Resources */ = {isa = PBXBuildFile; fileRef = 142001B71FB818ED00E35857 /* Assets.xcassets */; };
		142001BB1FB818ED00E35857 /* LaunchScreen.storyboard in Resources */ = {isa = PBXBuildFile; fileRef = 142001B91FB818ED00E35857 /* LaunchScreen.storyboard */; };
		142001C61FB818ED00E35857 /* simpleMathTests.swift in Sources */ = {isa = PBXBuildFile; fileRef = 142001C51FB818ED00E35857 /* simpleMathTests.swift */; };
		142001D11FB818ED00E35857 /* simpleMathUITests.swift in Sources */ = {isa = PBXBuildFile; fileRef = 142001D01FB818ED00E35857 /* simpleMathUITests.swift */; };
/* End PBXBuildFile section */

/* Begin PBXContainerItemProxy section */
		142001C21FB818ED00E35857 /* PBXContainerItemProxy */ = {
			isa = PBXContainerItemProxy;
			containerPortal = 142001A51FB818ED00E35857 /* Project object */;
			proxyType = 1;
			remoteGlobalIDString = 142001AC1FB818ED00E35857;
			remoteInfo = simpleMath;
		};
		142001CD1FB818ED00E35857 /* PBXContainerItemProxy */ = {
			isa = PBXContainerItemProxy;
			containerPortal = 142001A51FB818ED00E35857 /* Project object */;
			proxyType = 1;
			remoteGlobalIDString = 142001AC1FB818ED00E35857;
			remoteInfo = simpleMath;
		};
/* End PBXContainerItemProxy section */

/* Begin PBXFileReference section */
		142001AD1FB818ED00E35857 /* simpleMath.app */ = {isa = PBXFileReference; explicitFileType = wrapper.application; includeInIndex = 0; path = simpleMath.app; sourceTree = BUILT_PRODUCTS_DIR; };
		142001B01FB818ED00E35857 /* AppDelegate.swift */ = {isa = PBXFileReference; lastKnownFileType = sourcecode.swift; path = AppDelegate.swift; sourceTree = "<group>"; };
		142001B21FB818ED00E35857 /* ViewController.swift */ = {isa = PBXFileReference; lastKnownFileType = sourcecode.swift; path = ViewController.swift; sourceTree = "<group>"; };
		142001B51FB818ED00E35857 /* Base */ = {isa = PBXFileReference; lastKnownFileType = file.storyboard; name = Base; path = Base.lproj/Main.storyboard; sourceTree = "<group>"; };
		142001B71FB818ED00E35857 /* Assets.xcassets */ = {isa = PBXFileReference; lastKnownFileType = folder.assetcatalog; path = Assets.xcassets; sourceTree = "<group>"; };
		142001BA1FB818ED00E35857 /* Base */ = {isa = PBXFileReference; lastKnownFileType = file.storyboard; name = Base; path = Base.lproj/LaunchScreen.storyboard; sourceTree = "<group>"; };
		142001BC1FB818ED00E35857 /* Info.plist */ = {isa = PBXFileReference; lastKnownFileType = text.plist.xml; path = Info.plist; sourceTree = "<group>"; };
		142001C11FB818ED00E35857 /* simpleMathTests.xctest */ = {isa = PBXFileReference; explicitFileType = wrapper.cfbundle; includeInIndex = 0; path = simpleMathTests.xctest; sourceTree = BUILT_PRODUCTS_DIR; };
		142001C51FB818ED00E35857 /* simpleMathTests.swift */ = {isa = PBXFileReference; lastKnownFileType = sourcecode.swift; path = simpleMathTests.swift; sourceTree = "<group>"; };
		142001C71FB818ED00E35857 /* Info.plist */ = {isa = PBXFileReference; lastKnownFileType = text.plist.xml; path = Info.plist; sourceTree = "<group>"; };
		142001CC1FB818ED00E35857 /* simpleMathUITests.xctest */ = {isa = PBXFileReference; explicitFileType = wrapper.cfbundle; includeInIndex = 0; path = simpleMathUITests.xctest; sourceTree = BUILT_PRODUCTS_DIR; };
		142001D01FB818ED00E35857 /* simpleMathUITests.swift */ = {isa = PBXFileReference; lastKnownFileType = sourcecode.swift; path = simpleMathUITests.swift; sourceTree = "<group>"; };
		142001D21FB818ED00E35857 /* Info.plist */ = {isa = PBXFileReference; lastKnownFileType = text.plist.xml; path = Info.plist; sourceTree = "<group>"; };
/* End PBXFileReference section */

/* Begin PBXFrameworksBuildPhase section */
		142001AA1FB818ED00E35857 /* Frameworks */ = {
			isa = PBXFrameworksBuildPhase;
			buildActionMask = 2147483647;
			files = (
			);
			runOnlyForDeploymentPostprocessing = 0;
		};
		142001BE1FB818ED00E35857 /* Frameworks */ = {
			isa = PBXFrameworksBuildPhase;
			buildActionMask = 2147483647;
			files = (
			);
			runOnlyForDeploymentPostprocessing = 0;
		};
		142001C91FB818ED00E35857 /* Frameworks */ = {
			isa = PBXFrameworksBuildPhase;
			buildActionMask = 2147483647;
			files = (
			);
			runOnlyForDeploymentPostprocessing = 0;
		};
/* End PBXFrameworksBuildPhase section */

/* Begin PBXGroup section */
		142001A41FB818ED00E35857 = {
			isa = PBXGroup;
			children = (
				142001AF1FB818ED00E35857 /* simpleMath */,
				142001C41FB818ED00E35857 /* simpleMathTests */,
				142001CF1FB818ED00E35857 /* simpleMathUITests */,
				142001AE1FB818ED00E35857 /* Products */,
			);
			sourceTree = "<group>";
		};
		142001AE1FB818ED00E35857 /* Products */ = {
			isa = PBXGroup;
			children = (
				142001AD1FB818ED00E35857 /* simpleMath.app */,
				142001C11FB818ED00E35857 /* simpleMathTests.xctest */,
				142001CC1FB818ED00E35857 /* simpleMathUITests.xctest */,
			);
			name = Products;
			sourceTree = "<group>";
		};
		142001AF1FB818ED00E35857 /* simpleMath */ = {
			isa = PBXGroup;
			children = (
				142001B01FB818ED00E35857 /* AppDelegate.swift */,
				142001B21FB818ED00E35857 /* ViewController.swift */,
				142001B41FB818ED00E35857 /* Main.storyboard */,
				142001B71FB818ED00E35857 /* Assets.xcassets */,
				142001B91FB818ED00E35857 /* LaunchScreen.storyboard */,
				142001BC1FB818ED00E35857 /* Info.plist */,
			);
			path = simpleMath;
			sourceTree = "<group>";
		};
		142001C41FB818ED00E35857 /* simpleMathTests */ = {
			isa = PBXGroup;
			children = (
				142001C51FB818ED00E35857 /* simpleMathTests.swift */,
				142001C71FB818ED00E35857 /* Info.plist */,
			);
			path = simpleMathTests;
			sourceTree = "<group>";
		};
		142001CF1FB818ED00E35857 /* simpleMathUITests */ = {
			isa = PBXGroup;
			children = (
				142001D01FB818ED00E35857 /* simpleMathUITests.swift */,
				142001D21FB818ED00E35857 /* Info.plist */,
			);
			path = simpleMathUITests;
			sourceTree = "<group>";
		};
/* End PBXGroup section */

/* Begin PBXNativeTarget section */
		142001AC1FB818ED00E35857 /* simpleMath */ = {
			isa = PBXNativeTarget;
			buildConfigurationList = 142001D51FB818ED00E35857 /* Build configuration list for PBXNativeTarget "simpleMath" */;
			buildPhases = (
				142001A91FB818ED00E35857 /* Sources */,
				142001AA1FB818ED00E35857 /* Frameworks */,
				142001AB1FB818ED00E35857 /* Resources */,
			);
			buildRules = (
			);
			dependencies = (
			);
			name = simpleMath;
			productName = simpleMath;
			productReference = 142001AD1FB818ED00E35857 /* simpleMath.app */;
			productType = "com.apple.product-type.application";
		};
		142001C01FB818ED00E35857 /* simpleMathTests */ = {
			isa = PBXNativeTarget;
			buildConfigurationList = 142001D81FB818ED00E35857 /* Build configuration list for PBXNativeTarget "simpleMathTests" */;
			buildPhases = (
				142001BD1FB818ED00E35857 /* Sources */,
				142001BE1FB818ED00E35857 /* Frameworks */,
				142001BF1FB818ED00E35857 /* Resources */,
			);
			buildRules = (
			);
			dependencies = (
				142001C31FB818ED00E35857 /* PBXTargetDependency */,
			);
			name = simpleMathTests;
			productName = simpleMathTests;
			productReference = 142001C11FB818ED00E35857 /* simpleMathTests.xctest */;
			productType = "com.apple.product-type.bundle.unit-test";
		};
		142001CB1FB818ED00E35857 /* simpleMathUITests */ = {
			isa = PBXNativeTarget;
			buildConfigurationList = 142001DB1FB818ED00E35857 /* Build configuration list for PBXNativeTarget "simpleMathUITests" */;
			buildPhases = (
				142001C81FB818ED00E35857 /* Sources */,
				142001C91FB818ED00E35857 /* Frameworks */,
				142001CA1FB818ED00E35857 /* Resources */,
			);
			buildRules = (
			);
			dependencies = (
				142001CE1FB818ED00E35857 /* PBXTargetDependency */,
			);
			name = simpleMathUITests;
			productName = simpleMathUITests;
			productReference = 142001CC1FB818ED00E35857 /* simpleMathUITests.xctest */;
			productType = "com.apple.product-type.bundle.ui-testing";
		};
/* End PBXNativeTarget section */

/* Begin PBXProject section */
		142001A51FB818ED00E35857 /* Project object */ = {
			isa = PBXProject;
			attributes = {
				LastSwiftUpdateCheck = 0910;
				LastUpgradeCheck = 0910;
				ORGANIZATIONNAME = "mike han";
				TargetAttributes = {
					142001AC1FB818ED00E35857 = {
						CreatedOnToolsVersion = 9.1;
						ProvisioningStyle = Automatic;
					};
					142001C01FB818ED00E35857 = {
						CreatedOnToolsVersion = 9.1;
						ProvisioningStyle = Automatic;
						TestTargetID = 142001AC1FB818ED00E35857;
					};
					142001CB1FB818ED00E35857 = {
						CreatedOnToolsVersion = 9.1;
						ProvisioningStyle = Automatic;
						TestTargetID = 142001AC1FB818ED00E35857;
					};
				};
			};
			buildConfigurationList = 142001A81FB818ED00E35857 /* Build configuration list for PBXProject "simpleMath" */;
			compatibilityVersion = "Xcode 8.0";
			developmentRegion = en;
			hasScannedForEncodings = 0;
			knownRegions = (
				en,
				Base,
			);
			mainGroup = 142001A41FB818ED00E35857;
			productRefGroup = 142001AE1FB818ED00E35857 /* Products */;
			projectDirPath = "";
			projectRoot = "";
			targets = (
				142001AC1FB818ED00E35857 /* simpleMath */,
				142001C01FB818ED00E35857 /* simpleMathTests */,
				142001CB1FB818ED00E35857 /* simpleMathUITests */,
			);
		};
/* End PBXProject section */

/* Begin PBXResourcesBuildPhase section */
		142001AB1FB818ED00E35857 /* Resources */ = {
			isa = PBXResourcesBuildPhase;
			buildActionMask = 2147483647;
			files = (
				142001BB1FB818ED00E35857 /* LaunchScreen.storyboard in Resources */,
				142001B81FB818ED00E35857 /* Assets.xcassets in Resources */,
				142001B61FB818ED00E35857 /* Main.storyboard in Resources */,
			);
			runOnlyForDeploymentPostprocessing = 0;
		};
		142001BF1FB818ED00E35857 /* Resources */ = {
			isa = PBXResourcesBuildPhase;
			buildActionMask = 2147483647;
			files = (
			);
			runOnlyForDeploymentPostprocessing = 0;
		};
		142001CA1FB818ED00E35857 /* Resources */ = {
			isa = PBXResourcesBuildPhase;
			buildActionMask = 2147483647;
			files = (
			);
			runOnlyForDeploymentPostprocessing = 0;
		};
/* End PBXResourcesBuildPhase section */

/* Begin PBXSourcesBuildPhase section */
		142001A91FB818ED00E35857 /* Sources */ = {
			isa = PBXSourcesBuildPhase;
			buildActionMask = 2147483647;
			files = (
				142001B31FB818ED00E35857 /* ViewController.swift in Sources */,
				142001B11FB818ED00E35857 /* AppDelegate.swift in Sources */,
			);
			runOnlyForDeploymentPostprocessing = 0;
		};
		142001BD1FB818ED00E35857 /* Sources */ = {
			isa = PBXSourcesBuildPhase;
			buildActionMask = 2147483647;
			files = (
				142001C61FB818ED00E35857 /* simpleMathTests.swift in Sources */,
			);
			runOnlyForDeploymentPostprocessing = 0;
		};
		142001C81FB818ED00E35857 /* Sources */ = {
			isa = PBXSourcesBuildPhase;
			buildActionMask = 2147483647;
			files = (
				142001D11FB818ED00E35857 /* simpleMathUITests.swift in Sources */,
			);
			runOnlyForDeploymentPostprocessing = 0;
		};
/* End PBXSourcesBuildPhase section */

/* Begin PBXTargetDependency section */
		142001C31FB818ED00E35857 /* PBXTargetDependency */ = {
			isa = PBXTargetDependency;
			target = 142001AC1FB818ED00E35857 /* simpleMath */;
			targetProxy = 142001C21FB818ED00E35857 /* PBXContainerItemProxy */;
		};
		142001CE1FB818ED00E35857 /* PBXTargetDependency */ = {
			isa = PBXTargetDependency;
			target = 142001AC1FB818ED00E35857 /* simpleMath */;
			targetProxy = 142001CD1FB818ED00E35857 /* PBXContainerItemProxy */;
		};
/* End PBXTargetDependency section */

/* Begin PBXVariantGroup section */
		142001B41FB818ED00E35857 /* Main.storyboard */ = {
			isa = PBXVariantGroup;
			children = (
				142001B51FB818ED00E35857 /* Base */,
			);
			name = Main.storyboard;
			sourceTree = "<group>";
		};
		142001B91FB818ED00E35857 /* LaunchScreen.storyboard */ = {
			isa = PBXVariantGroup;
			children = (
				142001BA1FB818ED00E35857 /* Base */,
			);
			name = LaunchScreen.storyboard;
			sourceTree = "<group>";
		};
/* End PBXVariantGroup section */

/* Begin XCBuildConfiguration section */
		142001D31FB818ED00E35857 /* Debug */ = {
			isa = XCBuildConfiguration;
			buildSettings = {
				ALWAYS_SEARCH_USER_PATHS = NO;
				CLANG_ANALYZER_NONNULL = YES;
				CLANG_ANALYZER_NUMBER_OBJECT_CONVERSION = YES_AGGRESSIVE;
				CLANG_CXX_LANGUAGE_STANDARD = "gnu++14";
				CLANG_CXX_LIBRARY = "libc++";
				CLANG_ENABLE_MODULES = YES;
				CLANG_ENABLE_OBJC_ARC = YES;
				CLANG_WARN_BLOCK_CAPTURE_AUTORELEASING = YES;
				CLANG_WARN_BOOL_CONVERSION = YES;
				CLANG_WARN_COMMA = YES;
				CLANG_WARN_CONSTANT_CONVERSION = YES;
				CLANG_WARN_DIRECT_OBJC_ISA_USAGE = YES_ERROR;
				CLANG_WARN_DOCUMENTATION_COMMENTS = YES;
				CLANG_WARN_EMPTY_BODY = YES;
				CLANG_WARN_ENUM_CONVERSION = YES;
				CLANG_WARN_INFINITE_RECURSION = YES;
				CLANG_WARN_INT_CONVERSION = YES;
				CLANG_WARN_NON_LITERAL_NULL_CONVERSION = YES;
				CLANG_WARN_OBJC_LITERAL_CONVERSION = YES;
				CLANG_WARN_OBJC_ROOT_CLASS = YES_ERROR;
				CLANG_WARN_RANGE_LOOP_ANALYSIS = YES;
				CLANG_WARN_STRICT_PROTOTYPES = YES;
				CLANG_WARN_SUSPICIOUS_MOVE = YES;
				CLANG_WARN_UNGUARDED_AVAILABILITY = YES_AGGRESSIVE;
				CLANG_WARN_UNREACHABLE_CODE = YES;
				CLANG_WARN__DUPLICATE_METHOD_MATCH = YES;
				CODE_SIGN_IDENTITY = "iPhone Developer";
				COPY_PHASE_STRIP = NO;
				DEBUG_INFORMATION_FORMAT = dwarf;
				ENABLE_STRICT_OBJC_MSGSEND = YES;
				ENABLE_TESTABILITY = YES;
				GCC_C_LANGUAGE_STANDARD = gnu11;
				GCC_DYNAMIC_NO_PIC = NO;
				GCC_NO_COMMON_BLOCKS = YES;
				GCC_OPTIMIZATION_LEVEL = 0;
				GCC_PREPROCESSOR_DEFINITIONS = (
					"DEBUG=1",
					"$(inherited)",
				);
				GCC_WARN_64_TO_32_BIT_CONVERSION = YES;
				GCC_WARN_ABOUT_RETURN_TYPE = YES_ERROR;
				GCC_WARN_UNDECLARED_SELECTOR = YES;
				GCC_WARN_UNINITIALIZED_AUTOS = YES_AGGRESSIVE;
				GCC_WARN_UNUSED_FUNCTION = YES;
				GCC_WARN_UNUSED_VARIABLE = YES;
				IPHONEOS_DEPLOYMENT_TARGET = 11.1;
				MTL_ENABLE_DEBUG_INFO = YES;
				ONLY_ACTIVE_ARCH = YES;
				SDKROOT = iphoneos;
				SWIFT_ACTIVE_COMPILATION_CONDITIONS = DEBUG;
				SWIFT_OPTIMIZATION_LEVEL = "-Onone";
			};
			name = Debug;
		};
		142001D41FB818ED00E35857 /* Release */ = {
			isa = XCBuildConfiguration;
			buildSettings = {
				ALWAYS_SEARCH_USER_PATHS = NO;
				CLANG_ANALYZER_NONNULL = YES;
				CLANG_ANALYZER_NUMBER_OBJECT_CONVERSION = YES_AGGRESSIVE;
				CLANG_CXX_LANGUAGE_STANDARD = "gnu++14";
				CLANG_CXX_LIBRARY = "libc++";
				CLANG_ENABLE_MODULES = YES;
				CLANG_ENABLE_OBJC_ARC = YES;
				CLANG_WARN_BLOCK_CAPTURE_AUTORELEASING = YES;
				CLANG_WARN_BOOL_CONVERSION = YES;
				CLANG_WARN_COMMA = YES;
				CLANG_WARN_CONSTANT_CONVERSION = YES;
				CLANG_WARN_DIRECT_OBJC_ISA_USAGE = YES_ERROR;
				CLANG_WARN_DOCUMENTATION_COMMENTS = YES;
				CLANG_WARN_EMPTY_BODY = YES;
				CLANG_WARN_ENUM_CONVERSION = YES;
				CLANG_WARN_INFINITE_RECURSION = YES;
				CLANG_WARN_INT_CONVERSION = YES;
				CLANG_WARN_NON_LITERAL_NULL_CONVERSION = YES;
				CLANG_WARN_OBJC_LITERAL_CONVERSION = YES;
				CLANG_WARN_OBJC_ROOT_CLASS = YES_ERROR;
				CLANG_WARN_RANGE_LOOP_ANALYSIS = YES;
				CLANG_WARN_STRICT_PROTOTYPES = YES;
				CLANG_WARN_SUSPICIOUS_MOVE = YES;
				CLANG_WARN_UNGUARDED_AVAILABILITY = YES_AGGRESSIVE;
				CLANG_WARN_UNREACHABLE_CODE = YES;
				CLANG_WARN__DUPLICATE_METHOD_MATCH = YES;
				CODE_SIGN_IDENTITY = "iPhone Developer";
				COPY_PHASE_STRIP = NO;
				DEBUG_INFORMATION_FORMAT = "dwarf-with-dsym";
				ENABLE_NS_ASSERTIONS = NO;
				ENABLE_STRICT_OBJC_MSGSEND = YES;
				GCC_C_LANGUAGE_STANDARD = gnu11;
				GCC_NO_COMMON_BLOCKS = YES;
				GCC_WARN_64_TO_32_BIT_CONVERSION = YES;
				GCC_WARN_ABOUT_RETURN_TYPE = YES_ERROR;
				GCC_WARN_UNDECLARED_SELECTOR = YES;
				GCC_WARN_UNINITIALIZED_AUTOS = YES_AGGRESSIVE;
				GCC_WARN_UNUSED_FUNCTION = YES;
				GCC_WARN_UNUSED_VARIABLE = YES;
				IPHONEOS_DEPLOYMENT_TARGET = 11.1;
				MTL_ENABLE_DEBUG_INFO = NO;
				SDKROOT = iphoneos;
				SWIFT_OPTIMIZATION_LEVEL = "-Owholemodule";
				VALIDATE_PRODUCT = YES;
			};
			name = Release;
		};
		142001D61FB818ED00E35857 /* Debug */ = {
			isa = XCBuildConfiguration;
			buildSettings = {
				ASSETCATALOG_COMPILER_APPICON_NAME = AppIcon;
				CODE_SIGN_STYLE = Automatic;
				DEVELOPMENT_TEAM = 4236N486Z7;
				INFOPLIST_FILE = simpleMath/Info.plist;
				IPHONEOS_DEPLOYMENT_TARGET = 9.0;
				LD_RUNPATH_SEARCH_PATHS = "$(inherited) @executable_path/Frameworks";
				PRODUCT_BUNDLE_IDENTIFIER = redCat.simpleMath;
				PRODUCT_NAME = "$(TARGET_NAME)";
				SWIFT_VERSION = 4.0;
				TARGETED_DEVICE_FAMILY = "1,2";
			};
			name = Debug;
		};
		142001D71FB818ED00E35857 /* Release */ = {
			isa = XCBuildConfiguration;
			buildSettings = {
				ASSETCATALOG_COMPILER_APPICON_NAME = AppIcon;
				CODE_SIGN_STYLE = Automatic;
				DEVELOPMENT_TEAM = 4236N486Z7;
				INFOPLIST_FILE = simpleMath/Info.plist;
				IPHONEOS_DEPLOYMENT_TARGET = 9.0;
				LD_RUNPATH_SEARCH_PATHS = "$(inherited) @executable_path/Frameworks";
				PRODUCT_BUNDLE_IDENTIFIER = redCat.simpleMath;
				PRODUCT_NAME = "$(TARGET_NAME)";
				SWIFT_VERSION = 4.0;
				TARGETED_DEVICE_FAMILY = "1,2";
			};
			name = Release;
		};
		142001D91FB818ED00E35857 /* Debug */ = {
			isa = XCBuildConfiguration;
			buildSettings = {
				ALWAYS_EMBED_SWIFT_STANDARD_LIBRARIES = YES;
				BUNDLE_LOADER = "$(TEST_HOST)";
				CODE_SIGN_STYLE = Automatic;
				DEVELOPMENT_TEAM = 4236N486Z7;
				INFOPLIST_FILE = simpleMathTests/Info.plist;
				LD_RUNPATH_SEARCH_PATHS = "$(inherited) @executable_path/Frameworks @loader_path/Frameworks";
				PRODUCT_BUNDLE_IDENTIFIER = redCat.simpleMathTests;
				PRODUCT_NAME = "$(TARGET_NAME)";
				SWIFT_VERSION = 4.0;
				TARGETED_DEVICE_FAMILY = "1,2";
				TEST_HOST = "$(BUILT_PRODUCTS_DIR)/simpleMath.app/simpleMath";
			};
			name = Debug;
		};
		142001DA1FB818ED00E35857 /* Release */ = {
			isa = XCBuildConfiguration;
			buildSettings = {
				ALWAYS_EMBED_SWIFT_STANDARD_LIBRARIES = YES;
				BUNDLE_LOADER = "$(TEST_HOST)";
				CODE_SIGN_STYLE = Automatic;
				DEVELOPMENT_TEAM = 4236N486Z7;
				INFOPLIST_FILE = simpleMathTests/Info.plist;
				LD_RUNPATH_SEARCH_PATHS = "$(inherited) @executable_path/Frameworks @loader_path/Frameworks";
				PRODUCT_BUNDLE_IDENTIFIER = redCat.simpleMathTests;
				PRODUCT_NAME = "$(TARGET_NAME)";
				SWIFT_VERSION = 4.0;
				TARGETED_DEVICE_FAMILY = "1,2";
				TEST_HOST = "$(BUILT_PRODUCTS_DIR)/simpleMath.app/simpleMath";
			};
			name = Release;
		};
		142001DC1FB818ED00E35857 /* Debug */ = {
			isa = XCBuildConfiguration;
			buildSettings = {
				ALWAYS_EMBED_SWIFT_STANDARD_LIBRARIES = YES;
				CODE_SIGN_STYLE = Automatic;
				DEVELOPMENT_TEAM = 4236N486Z7;
				INFOPLIST_FILE = simpleMathUITests/Info.plist;
				LD_RUNPATH_SEARCH_PATHS = "$(inherited) @executable_path/Frameworks @loader_path/Frameworks";
				PRODUCT_BUNDLE_IDENTIFIER = redCat.simpleMathUITests;
				PRODUCT_NAME = "$(TARGET_NAME)";
				SWIFT_VERSION = 4.0;
				TARGETED_DEVICE_FAMILY = "1,2";
				TEST_TARGET_NAME = simpleMath;
			};
			name = Debug;
		};
		142001DD1FB818ED00E35857 /* Release */ = {
			isa = XCBuildConfiguration;
			buildSettings = {
				ALWAYS_EMBED_SWIFT_STANDARD_LIBRARIES = YES;
				CODE_SIGN_STYLE = Automatic;
				DEVELOPMENT_TEAM = 4236N486Z7;
				INFOPLIST_FILE = simpleMathUITests/Info.plist;
				LD_RUNPATH_SEARCH_PATHS = "$(inherited) @executable_path/Frameworks @loader_path/Frameworks";
				PRODUCT_BUNDLE_IDENTIFIER = redCat.simpleMathUITests;
				PRODUCT_NAME = "$(TARGET_NAME)";
				SWIFT_VERSION = 4.0;
				TARGETED_DEVICE_FAMILY = "1,2";
				TEST_TARGET_NAME = simpleMath;
			};
			name = Release;
		};
/* End XCBuildConfiguration section */

/* Begin XCConfigurationList section */
		142001A81FB818ED00E35857 /* Build configuration list for PBXProject "simpleMath" */ = {
			isa = XCConfigurationList;
			buildConfigurations = (
				142001D31FB818ED00E35857 /* Debug */,
				142001D41FB818ED00E35857 /* Release */,
			);
			defaultConfigurationIsVisible = 0;
			defaultConfigurationName = Release;
		};
		142001D51FB818ED00E35857 /* Build configuration list for PBXNativeTarget "simpleMath" */ = {
			isa = XCConfigurationList;
			buildConfigurations = (
				142001D61FB818ED00E35857 /* Debug */,
				142001D71FB818ED00E35857 /* Release */,
			);
			defaultConfigurationIsVisible = 0;
			defaultConfigurationName = Release;
		};
		142001D81FB818ED00E35857 /* Build configuration list for PBXNativeTarget "simpleMathTests" */ = {
			isa = XCConfigurationList;
			buildConfigurations = (
				142001D91FB818ED00E35857 /* Debug */,
				142001DA1FB818ED00E35857 /* Release */,
			);
			defaultConfigurationIsVisible = 0;
			defaultConfigurationName = Release;
		};
		142001DB1FB818ED00E35857 /* Build configuration list for PBXNativeTarget "simpleMathUITests" */ = {
			isa = XCConfigurationList;
			buildConfigurations = (
				142001DC1FB818ED00E35857 /* Debug */,
				142001DD1FB818ED00E35857 /* Release */,
			);
			defaultConfigurationIsVisible = 0;
			defaultConfigurationName = Release;
		};
/* End XCConfigurationList section */
	};
	rootObject = 142001A51FB818ED00E35857 /* Project object */;
}
