// !$*UTF8*$!
{
	archiveVersion = 1;
	classes = {
	};
	objectVersion = 48;
	objects = {

/* Begin PBXBuildFile section */
		141FE04B1FCAAC190004A139 /* AppDelegate.swift in Sources */ = {isa = PBXBuildFile; fileRef = 141FE04A1FCAAC190004A139 /* AppDelegate.swift */; };
		141FE04D1FCAAC190004A139 /* CoreViewController.swift in Sources */ = {isa = PBXBuildFile; fileRef = 141FE04C1FCAAC190004A139 /* CoreViewController.swift */; };
		141FE0501FCAAC190004A139 /* Main.storyboard in Resources */ = {isa = PBXBuildFile; fileRef = 141FE04E1FCAAC190004A139 /* Main.storyboard */; };
		141FE0521FCAAC190004A139 /* Assets.xcassets in Resources */ = {isa = PBXBuildFile; fileRef = 141FE0511FCAAC190004A139 /* Assets.xcassets */; };
		141FE0551FCAAC190004A139 /* LaunchScreen.storyboard in Resources */ = {isa = PBXBuildFile; fileRef = 141FE0531FCAAC190004A139 /* LaunchScreen.storyboard */; };
		141FE05D1FCC07710004A139 /* CoreCalc.swift in Sources */ = {isa = PBXBuildFile; fileRef = 141FE05C1FCC07710004A139 /* CoreCalc.swift */; };
		142F34BB1FDFA24F00EBD7FD /* MainViewController.swift in Sources */ = {isa = PBXBuildFile; fileRef = 142F34BA1FDFA24F00EBD7FD /* MainViewController.swift */; };
		142F34BD1FDFA2CD00EBD7FD /* RegisterViewController.swift in Sources */ = {isa = PBXBuildFile; fileRef = 142F34BC1FDFA2CD00EBD7FD /* RegisterViewController.swift */; };
		142F34C11FDFC6F800EBD7FD /* ResultTableViewController.swift in Sources */ = {isa = PBXBuildFile; fileRef = 142F34C01FDFC6F800EBD7FD /* ResultTableViewController.swift */; };
		149996E31FDA1D0B004EBF4D /* Question.swift in Sources */ = {isa = PBXBuildFile; fileRef = 149996E21FDA1D0B004EBF4D /* Question.swift */; };
		149996E51FDA1D22004EBF4D /* QuestionBank.swift in Sources */ = {isa = PBXBuildFile; fileRef = 149996E41FDA1D22004EBF4D /* QuestionBank.swift */; };
		149996EB1FDA87B0004EBF4D /* GameTypeViewController.swift in Sources */ = {isa = PBXBuildFile; fileRef = 149996EA1FDA87B0004EBF4D /* GameTypeViewController.swift */; };
		A07113AD205958270009F4C2 /* ResultDetailTableViewController.swift in Sources */ = {isa = PBXBuildFile; fileRef = A07113AC205958270009F4C2 /* ResultDetailTableViewController.swift */; };
/* End PBXBuildFile section */

/* Begin PBXFileReference section */
		141FE0471FCAAC190004A139 /* Simeple Match.app */ = {isa = PBXFileReference; explicitFileType = wrapper.application; includeInIndex = 0; path = "Simeple Match.app"; sourceTree = BUILT_PRODUCTS_DIR; };
		141FE04A1FCAAC190004A139 /* AppDelegate.swift */ = {isa = PBXFileReference; lastKnownFileType = sourcecode.swift; path = AppDelegate.swift; sourceTree = "<group>"; };
		141FE04C1FCAAC190004A139 /* CoreViewController.swift */ = {isa = PBXFileReference; lastKnownFileType = sourcecode.swift; path = CoreViewController.swift; sourceTree = "<group>"; };
		141FE04F1FCAAC190004A139 /* Base */ = {isa = PBXFileReference; lastKnownFileType = file.storyboard; name = Base; path = Base.lproj/Main.storyboard; sourceTree = "<group>"; };
		141FE0511FCAAC190004A139 /* Assets.xcassets */ = {isa = PBXFileReference; lastKnownFileType = folder.assetcatalog; path = Assets.xcassets; sourceTree = "<group>"; };
		141FE0541FCAAC190004A139 /* Base */ = {isa = PBXFileReference; lastKnownFileType = file.storyboard; name = Base; path = Base.lproj/LaunchScreen.storyboard; sourceTree = "<group>"; };
		141FE0561FCAAC190004A139 /* Info.plist */ = {isa = PBXFileReference; lastKnownFileType = text.plist.xml; path = Info.plist; sourceTree = "<group>"; };
		141FE05C1FCC07710004A139 /* CoreCalc.swift */ = {isa = PBXFileReference; lastKnownFileType = sourcecode.swift; path = CoreCalc.swift; sourceTree = "<group>"; };
		142F34BA1FDFA24F00EBD7FD /* MainViewController.swift */ = {isa = PBXFileReference; lastKnownFileType = sourcecode.swift; path = MainViewController.swift; sourceTree = "<group>"; };
		142F34BC1FDFA2CD00EBD7FD /* RegisterViewController.swift */ = {isa = PBXFileReference; lastKnownFileType = sourcecode.swift; path = RegisterViewController.swift; sourceTree = "<group>"; };
		142F34C01FDFC6F800EBD7FD /* ResultTableViewController.swift */ = {isa = PBXFileReference; lastKnownFileType = sourcecode.swift; path = ResultTableViewController.swift; sourceTree = "<group>"; };
		149996E21FDA1D0B004EBF4D /* Question.swift */ = {isa = PBXFileReference; lastKnownFileType = sourcecode.swift; path = Question.swift; sourceTree = "<group>"; };
		149996E41FDA1D22004EBF4D /* QuestionBank.swift */ = {isa = PBXFileReference; lastKnownFileType = sourcecode.swift; path = QuestionBank.swift; sourceTree = "<group>"; };
		149996EA1FDA87B0004EBF4D /* GameTypeViewController.swift */ = {isa = PBXFileReference; lastKnownFileType = sourcecode.swift; path = GameTypeViewController.swift; sourceTree = "<group>"; };
		A07113AC205958270009F4C2 /* ResultDetailTableViewController.swift */ = {isa = PBXFileReference; lastKnownFileType = sourcecode.swift; path = ResultDetailTableViewController.swift; sourceTree = "<group>"; };
/* End PBXFileReference section */

/* Begin PBXFrameworksBuildPhase section */
		141FE0441FCAAC190004A139 /* Frameworks */ = {
			isa = PBXFrameworksBuildPhase;
			buildActionMask = 2147483647;
			files = (
			);
			runOnlyForDeploymentPostprocessing = 0;
		};
/* End PBXFrameworksBuildPhase section */

/* Begin PBXGroup section */
		141FE03E1FCAAC190004A139 = {
			isa = PBXGroup;
			children = (
				141FE0491FCAAC190004A139 /* Simeple Match */,
				141FE0481FCAAC190004A139 /* Products */,
			);
			sourceTree = "<group>";
		};
		141FE0481FCAAC190004A139 /* Products */ = {
			isa = PBXGroup;
			children = (
				141FE0471FCAAC190004A139 /* Simeple Match.app */,
			);
			name = Products;
			sourceTree = "<group>";
		};
		141FE0491FCAAC190004A139 /* Simeple Match */ = {
			isa = PBXGroup;
			children = (
				146B9E9A2044F6660032E327 /* Common */,
				141FE0601FCCE79F0004A139 /* View */,
				141FE05F1FCCE77E0004A139 /* ViewController */,
				141FE05E1FCCE75C0004A139 /* Model */,
				141FE0511FCAAC190004A139 /* Assets.xcassets */,
				141FE0561FCAAC190004A139 /* Info.plist */,
			);
			path = "Simeple Match";
			sourceTree = "<group>";
		};
		141FE05E1FCCE75C0004A139 /* Model */ = {
			isa = PBXGroup;
			children = (
				141FE05C1FCC07710004A139 /* CoreCalc.swift */,
				149996E21FDA1D0B004EBF4D /* Question.swift */,
				149996E41FDA1D22004EBF4D /* QuestionBank.swift */,
			);
			path = Model;
			sourceTree = "<group>";
		};
		141FE05F1FCCE77E0004A139 /* ViewController */ = {
			isa = PBXGroup;
			children = (
				141FE04C1FCAAC190004A139 /* CoreViewController.swift */,
				141FE04A1FCAAC190004A139 /* AppDelegate.swift */,
				149996EA1FDA87B0004EBF4D /* GameTypeViewController.swift */,
				142F34BA1FDFA24F00EBD7FD /* MainViewController.swift */,
				142F34BC1FDFA2CD00EBD7FD /* RegisterViewController.swift */,
				142F34C01FDFC6F800EBD7FD /* ResultTableViewController.swift */,
				A07113AC205958270009F4C2 /* ResultDetailTableViewController.swift */,
			);
			path = ViewController;
			sourceTree = "<group>";
		};
		141FE0601FCCE79F0004A139 /* View */ = {
			isa = PBXGroup;
			children = (
				141FE04E1FCAAC190004A139 /* Main.storyboard */,
				141FE0531FCAAC190004A139 /* LaunchScreen.storyboard */,
			);
			path = View;
			sourceTree = "<group>";
		};
		146B9E9A2044F6660032E327 /* Common */ = {
			isa = PBXGroup;
			children = (
			);
			path = Common;
			sourceTree = "<group>";
		};
/* End PBXGroup section */

/* Begin PBXNativeTarget section */
		141FE0461FCAAC190004A139 /* Simeple Match */ = {
			isa = PBXNativeTarget;
			buildConfigurationList = 141FE0591FCAAC190004A139 /* Build configuration list for PBXNativeTarget "Simeple Match" */;
			buildPhases = (
				141FE0431FCAAC190004A139 /* Sources */,
				141FE0441FCAAC190004A139 /* Frameworks */,
				141FE0451FCAAC190004A139 /* Resources */,
			);
			buildRules = (
			);
			dependencies = (
			);
			name = "Simeple Match";
			productName = "Simeple Match";
			productReference = 141FE0471FCAAC190004A139 /* Simeple Match.app */;
			productType = "com.apple.product-type.application";
		};
/* End PBXNativeTarget section */

/* Begin PBXProject section */
		141FE03F1FCAAC190004A139 /* Project object */ = {
			isa = PBXProject;
			attributes = {
				LastSwiftUpdateCheck = 0910;
				LastUpgradeCheck = 0910;
				ORGANIZATIONNAME = "mike han";
				TargetAttributes = {
					141FE0461FCAAC190004A139 = {
						CreatedOnToolsVersion = 9.1;
						ProvisioningStyle = Automatic;
					};
				};
			};
			buildConfigurationList = 141FE0421FCAAC190004A139 /* Build configuration list for PBXProject "Simeple Match" */;
			compatibilityVersion = "Xcode 8.0";
			developmentRegion = en;
			hasScannedForEncodings = 0;
			knownRegions = (
				en,
				Base,
			);
			mainGroup = 141FE03E1FCAAC190004A139;
			productRefGroup = 141FE0481FCAAC190004A139 /* Products */;
			projectDirPath = "";
			projectRoot = "";
			targets = (
				141FE0461FCAAC190004A139 /* Simeple Match */,
			);
		};
/* End PBXProject section */

/* Begin PBXResourcesBuildPhase section */
		141FE0451FCAAC190004A139 /* Resources */ = {
			isa = PBXResourcesBuildPhase;
			buildActionMask = 2147483647;
			files = (
				141FE0551FCAAC190004A139 /* LaunchScreen.storyboard in Resources */,
				141FE0521FCAAC190004A139 /* Assets.xcassets in Resources */,
				141FE0501FCAAC190004A139 /* Main.storyboard in Resources */,
			);
			runOnlyForDeploymentPostprocessing = 0;
		};
/* End PBXResourcesBuildPhase section */

/* Begin PBXSourcesBuildPhase section */
		141FE0431FCAAC190004A139 /* Sources */ = {
			isa = PBXSourcesBuildPhase;
			buildActionMask = 2147483647;
			files = (
				142F34BB1FDFA24F00EBD7FD /* MainViewController.swift in Sources */,
				141FE04D1FCAAC190004A139 /* CoreViewController.swift in Sources */,
				149996E31FDA1D0B004EBF4D /* Question.swift in Sources */,
				142F34BD1FDFA2CD00EBD7FD /* RegisterViewController.swift in Sources */,
				141FE05D1FCC07710004A139 /* CoreCalc.swift in Sources */,
				142F34C11FDFC6F800EBD7FD /* ResultTableViewController.swift in Sources */,
				149996E51FDA1D22004EBF4D /* QuestionBank.swift in Sources */,
				149996EB1FDA87B0004EBF4D /* GameTypeViewController.swift in Sources */,
				141FE04B1FCAAC190004A139 /* AppDelegate.swift in Sources */,
				A07113AD205958270009F4C2 /* ResultDetailTableViewController.swift in Sources */,
			);
			runOnlyForDeploymentPostprocessing = 0;
		};
/* End PBXSourcesBuildPhase section */

/* Begin PBXVariantGroup section */
		141FE04E1FCAAC190004A139 /* Main.storyboard */ = {
			isa = PBXVariantGroup;
			children = (
				141FE04F1FCAAC190004A139 /* Base */,
			);
			name = Main.storyboard;
			sourceTree = "<group>";
		};
		141FE0531FCAAC190004A139 /* LaunchScreen.storyboard */ = {
			isa = PBXVariantGroup;
			children = (
				141FE0541FCAAC190004A139 /* Base */,
			);
			name = LaunchScreen.storyboard;
			sourceTree = "<group>";
		};
/* End PBXVariantGroup section */

/* Begin XCBuildConfiguration section */
		141FE0571FCAAC190004A139 /* Debug */ = {
			isa = XCBuildConfiguration;
			buildSettings = {
				ALWAYS_SEARCH_USER_PATHS = NO;
				CLANG_ANALYZER_NONNULL = YES;
				CLANG_ANALYZER_NUMBER_OBJECT_CONVERSION = YES_AGGRESSIVE;
				CLANG_CXX_LANGUAGE_STANDARD = "gnu++14";
				CLANG_CXX_LIBRARY = "libc++";
				CLANG_ENABLE_MODULES = YES;
				CLANG_ENABLE_OBJC_ARC = YES;
				CLANG_WARN_BLOCK_CAPTURE_AUTORELEASING = YES;
				CLANG_WARN_BOOL_CONVERSION = YES;
				CLANG_WARN_COMMA = YES;
				CLANG_WARN_CONSTANT_CONVERSION = YES;
				CLANG_WARN_DIRECT_OBJC_ISA_USAGE = YES_ERROR;
				CLANG_WARN_DOCUMENTATION_COMMENTS = YES;
				CLANG_WARN_EMPTY_BODY = YES;
				CLANG_WARN_ENUM_CONVERSION = YES;
				CLANG_WARN_INFINITE_RECURSION = YES;
				CLANG_WARN_INT_CONVERSION = YES;
				CLANG_WARN_NON_LITERAL_NULL_CONVERSION = YES;
				CLANG_WARN_OBJC_LITERAL_CONVERSION = YES;
				CLANG_WARN_OBJC_ROOT_CLASS = YES_ERROR;
				CLANG_WARN_RANGE_LOOP_ANALYSIS = YES;
				CLANG_WARN_STRICT_PROTOTYPES = YES;
				CLANG_WARN_SUSPICIOUS_MOVE = YES;
				CLANG_WARN_UNGUARDED_AVAILABILITY = YES_AGGRESSIVE;
				CLANG_WARN_UNREACHABLE_CODE = YES;
				CLANG_WARN__DUPLICATE_METHOD_MATCH = YES;
				CODE_SIGN_IDENTITY = "iPhone Developer";
				COPY_PHASE_STRIP = NO;
				DEBUG_INFORMATION_FORMAT = dwarf;
				ENABLE_STRICT_OBJC_MSGSEND = YES;
				ENABLE_TESTABILITY = YES;
				GCC_C_LANGUAGE_STANDARD = gnu11;
				GCC_DYNAMIC_NO_PIC = NO;
				GCC_NO_COMMON_BLOCKS = YES;
				GCC_OPTIMIZATION_LEVEL = 0;
				GCC_PREPROCESSOR_DEFINITIONS = (
					"DEBUG=1",
					"$(inherited)",
				);
				GCC_WARN_64_TO_32_BIT_CONVERSION = YES;
				GCC_WARN_ABOUT_RETURN_TYPE = YES_ERROR;
				GCC_WARN_UNDECLARED_SELECTOR = YES;
				GCC_WARN_UNINITIALIZED_AUTOS = YES_AGGRESSIVE;
				GCC_WARN_UNUSED_FUNCTION = YES;
				GCC_WARN_UNUSED_VARIABLE = YES;
				IPHONEOS_DEPLOYMENT_TARGET = 11.1;
				MTL_ENABLE_DEBUG_INFO = YES;
				ONLY_ACTIVE_ARCH = YES;
				SDKROOT = iphoneos;
				SWIFT_ACTIVE_COMPILATION_CONDITIONS = DEBUG;
				SWIFT_OPTIMIZATION_LEVEL = "-Onone";
			};
			name = Debug;
		};
		141FE0581FCAAC190004A139 /* Release */ = {
			isa = XCBuildConfiguration;
			buildSettings = {
				ALWAYS_SEARCH_USER_PATHS = NO;
				CLANG_ANALYZER_NONNULL = YES;
				CLANG_ANALYZER_NUMBER_OBJECT_CONVERSION = YES_AGGRESSIVE;
				CLANG_CXX_LANGUAGE_STANDARD = "gnu++14";
				CLANG_CXX_LIBRARY = "libc++";
				CLANG_ENABLE_MODULES = YES;
				CLANG_ENABLE_OBJC_ARC = YES;
				CLANG_WARN_BLOCK_CAPTURE_AUTORELEASING = YES;
				CLANG_WARN_BOOL_CONVERSION = YES;
				CLANG_WARN_COMMA = YES;
				CLANG_WARN_CONSTANT_CONVERSION = YES;
				CLANG_WARN_DIRECT_OBJC_ISA_USAGE = YES_ERROR;
				CLANG_WARN_DOCUMENTATION_COMMENTS = YES;
				CLANG_WARN_EMPTY_BODY = YES;
				CLANG_WARN_ENUM_CONVERSION = YES;
				CLANG_WARN_INFINITE_RECURSION = YES;
				CLANG_WARN_INT_CONVERSION = YES;
				CLANG_WARN_NON_LITERAL_NULL_CONVERSION = YES;
				CLANG_WARN_OBJC_LITERAL_CONVERSION = YES;
				CLANG_WARN_OBJC_ROOT_CLASS = YES_ERROR;
				CLANG_WARN_RANGE_LOOP_ANALYSIS = YES;
				CLANG_WARN_STRICT_PROTOTYPES = YES;
				CLANG_WARN_SUSPICIOUS_MOVE = YES;
				CLANG_WARN_UNGUARDED_AVAILABILITY = YES_AGGRESSIVE;
				CLANG_WARN_UNREACHABLE_CODE = YES;
				CLANG_WARN__DUPLICATE_METHOD_MATCH = YES;
				CODE_SIGN_IDENTITY = "iPhone Developer";
				COPY_PHASE_STRIP = NO;
				DEBUG_INFORMATION_FORMAT = "dwarf-with-dsym";
				ENABLE_NS_ASSERTIONS = NO;
				ENABLE_STRICT_OBJC_MSGSEND = YES;
				GCC_C_LANGUAGE_STANDARD = gnu11;
				GCC_NO_COMMON_BLOCKS = YES;
				GCC_WARN_64_TO_32_BIT_CONVERSION = YES;
				GCC_WARN_ABOUT_RETURN_TYPE = YES_ERROR;
				GCC_WARN_UNDECLARED_SELECTOR = YES;
				GCC_WARN_UNINITIALIZED_AUTOS = YES_AGGRESSIVE;
				GCC_WARN_UNUSED_FUNCTION = YES;
				GCC_WARN_UNUSED_VARIABLE = YES;
				IPHONEOS_DEPLOYMENT_TARGET = 11.1;
				MTL_ENABLE_DEBUG_INFO = NO;
				SDKROOT = iphoneos;
				SWIFT_OPTIMIZATION_LEVEL = "-Owholemodule";
				VALIDATE_PRODUCT = YES;
			};
			name = Release;
		};
		141FE05A1FCAAC190004A139 /* Debug */ = {
			isa = XCBuildConfiguration;
			buildSettings = {
				ASSETCATALOG_COMPILER_APPICON_NAME = AppIcon;
				"CODE_SIGN_IDENTITY[sdk=iphoneos*]" = "iPhone Developer";
				CODE_SIGN_STYLE = Automatic;
				DEVELOPMENT_TEAM = 4236N486Z7;
				INFOPLIST_FILE = "Simeple Match/Info.plist";
				LD_RUNPATH_SEARCH_PATHS = "$(inherited) @executable_path/Frameworks";
				PRODUCT_BUNDLE_IDENTIFIER = "redCat.Simeple-Match";
				PRODUCT_NAME = "$(TARGET_NAME)";
				PROVISIONING_PROFILE_SPECIFIER = "";
				SWIFT_VERSION = 4.0;
				TARGETED_DEVICE_FAMILY = "1,2";
			};
			name = Debug;
		};
		141FE05B1FCAAC190004A139 /* Release */ = {
			isa = XCBuildConfiguration;
			buildSettings = {
				ASSETCATALOG_COMPILER_APPICON_NAME = AppIcon;
				"CODE_SIGN_IDENTITY[sdk=iphoneos*]" = "iPhone Developer";
				CODE_SIGN_STYLE = Automatic;
				DEVELOPMENT_TEAM = 4236N486Z7;
				INFOPLIST_FILE = "Simeple Match/Info.plist";
				LD_RUNPATH_SEARCH_PATHS = "$(inherited) @executable_path/Frameworks";
				PRODUCT_BUNDLE_IDENTIFIER = "redCat.Simeple-Match";
				PRODUCT_NAME = "$(TARGET_NAME)";
				PROVISIONING_PROFILE_SPECIFIER = "";
				SWIFT_VERSION = 4.0;
				TARGETED_DEVICE_FAMILY = "1,2";
			};
			name = Release;
		};
/* End XCBuildConfiguration section */

/* Begin XCConfigurationList section */
		141FE0421FCAAC190004A139 /* Build configuration list for PBXProject "Simeple Match" */ = {
			isa = XCConfigurationList;
			buildConfigurations = (
				141FE0571FCAAC190004A139 /* Debug */,
				141FE0581FCAAC190004A139 /* Release */,
			);
			defaultConfigurationIsVisible = 0;
			defaultConfigurationName = Release;
		};
		141FE0591FCAAC190004A139 /* Build configuration list for PBXNativeTarget "Simeple Match" */ = {
			isa = XCConfigurationList;
			buildConfigurations = (
				141FE05A1FCAAC190004A139 /* Debug */,
				141FE05B1FCAAC190004A139 /* Release */,
			);
			defaultConfigurationIsVisible = 0;
			defaultConfigurationName = Release;
		};
/* End XCConfigurationList section */
	};
	rootObject = 141FE03F1FCAAC190004A139 /* Project object */;
}
